
Microsoft Visual Studio Solution File, Format Version 12.00
# Visual Studio Version 16
VisualStudioVersion = 16.0.31313.79
MinimumVisualStudioVersion = 10.0.40219.1
Project("{FAE04EC0-301F-11D3-BF4B-00C04F79EFBC}") = "WebApplication3", "WebApplication3\WebApplication3.csproj", "{2F33A566-24A0-45A3-803B-F6B2734F0DA2}"
EndProject
Global
	GlobalSection(SolutionConfigurationPlatforms) = preSolution
		Debug|Any CPU = Debug|Any CPU
		Release|Any CPU = Release|Any CPU
	EndGlobalSection
	GlobalSection(ProjectConfigurationPlatforms) = postSolution
		{2F33A566-24A0-45A3-803B-F6B2734F0DA2}.Debug|Any CPU.ActiveCfg = Debug|Any CPU
		{2F33A566-24A0-45A3-803B-F6B2734F0DA2}.Debug|Any CPU.Build.0 = Debug|Any CPU
		{2F33A566-24A0-45A3-803B-F6B2734F0DA2}.Release|Any CPU.ActiveCfg = Release|Any CPU
		{2F33A566-24A0-45A3-803B-F6B2734F0DA2}.Release|Any CPU.Build.0 = Release|Any CPU
	EndGlobalSection
	GlobalSection(SolutionProperties) = preSolution
		HideSolutionNode = FALSE
	EndGlobalSection
	GlobalSection(ExtensibilityGlobals) = postSolution
		SolutionGuid = {2F622454-6E6C-442B-97C3-02C0301C6336}
	EndGlobalSection
EndGlobal
